
Microsoft Visual Studio Solution File, Format Version 12.00
# Visual Studio 15
VisualStudioVersion = 15.0.28307.168
MinimumVisualStudioVersion = 10.0.40219.1
Project("{FAE04EC0-301F-11D3-BF4B-00C04F79EFBC}") = "DefectChecker", "DefectChecker\DefectChecker.csproj", "{200AE6A4-53FD-4381-B6EE-02E1FDED530B}"
EndProject
Global
	GlobalSection(SolutionConfigurationPlatforms) = preSolution
		Debug|Any CPU = Debug|Any CPU
		Release|Any CPU = Release|Any CPU
	EndGlobalSection
	GlobalSection(ProjectConfigurationPlatforms) = postSolution
		{200AE6A4-53FD-4381-B6EE-02E1FDED530B}.Debug|Any CPU.ActiveCfg = Debug|Any CPU
		{200AE6A4-53FD-4381-B6EE-02E1FDED530B}.Debug|Any CPU.Build.0 = Debug|Any CPU
		{200AE6A4-53FD-4381-B6EE-02E1FDED530B}.Release|Any CPU.ActiveCfg = Release|Any CPU
		{200AE6A4-53FD-4381-B6EE-02E1FDED530B}.Release|Any CPU.Build.0 = Release|Any CPU
	EndGlobalSection
	GlobalSection(SolutionProperties) = preSolution
		HideSolutionNode = FALSE
	EndGlobalSection
	GlobalSection(ExtensibilityGlobals) = postSolution
		SolutionGuid = {888FA79E-C9AE-4587-ACA7-D9A8EEE72732}
	EndGlobalSection
EndGlobal
